<?xml version="1.0" encoding="utf-8"?>
<Project ToolsVersion="4.0" xmlns="http://schemas.microsoft.com/developer/msbuild/2003">
  <ItemGroup>
    <Filter Include="Source Files">
      <UniqueIdentifier>{4FC737F1-C7A5-4376-A066-2A32D752A2FF}</UniqueIdentifier>
      <Extensions>cpp;c;cc;cxx;c++;cppm;ixx;def;odl;idl;hpj;bat;asm;asmx</Extensions>
    </Filter>
    <Filter Include="Header Files">
      <UniqueIdentifier>{93995380-89BD-4b04-88EB-625FBE52EBFB}</UniqueIdentifier>
      <Extensions>h;hh;hpp;hxx;h++;hm;inl;inc;ipp;xsd</Extensions>
    </Filter>
    <Filter Include="Resource Files">
      <UniqueIdentifier>{67DA6AB6-F800-4c08-8B7A-83BB121AAD01}</UniqueIdentifier>
      <Extensions>rc;ico;cur;bmp;dlg;rc2;rct;bin;rgs;gif;jpg;jpeg;jpe;resx;tiff;tif;png;wav;mfcribbon-ms</Extensions>
    </Filter>
    <Filter Include="shaders">
      <UniqueIdentifier>{f23fc943-2ab4-4762-bf91-ff26be783c7a}</UniqueIdentifier>
    </Filter>
    <Filter Include="GLClass">
      <UniqueIdentifier>{c34cc022-f58b-4cf0-a53c-4803afc5e3e7}</UniqueIdentifier>
    </Filter>
    <Filter Include="vendor">
      <UniqueIdentifier>{897c0947-a78e-4ed6-8bcb-2014a31fd09d}</UniqueIdentifier>
    </Filter>
    <Filter Include="vendor\imgui">
      <UniqueIdentifier>{c5daaf9d-2741-4412-8820-b3d333daf449}</UniqueIdentifier>
    </Filter>
    <Filter Include="test">
      <UniqueIdentifier>{a3498ae6-6487-4edc-b86a-fa51eaef5533}</UniqueIdentifier>
    </Filter>
  </ItemGroup>
  <ItemGroup>
    <ClCompile Include="main.cpp">
      <Filter>Source Files</Filter>
    </ClCompile>
    <ClCompile Include="course2_glfw.cpp">
      <Filter>Resource Files</Filter>
    </ClCompile>
    <ClCompile Include="course3_modern_opengl.cpp">
      <Filter>Resource Files</Filter>
    </ClCompile>
    <ClCompile Include="course4_5_buffer_triangle.cpp">
      <Filter>Resource Files</Filter>
    </ClCompile>
    <ClCompile Include="course6_shader.cpp">
      <Filter>Resource Files</Filter>
    </ClCompile>
    <ClCompile Include="course7_deal_shader.cpp">
      <Filter>Resource Files</Filter>
    </ClCompile>
    <ClCompile Include="course8_index.cpp">
      <Filter>Resource Files</Filter>
    </ClCompile>
    <ClCompile Include="course9_error_handling.cpp">
      <Filter>Resource Files</Filter>
    </ClCompile>
    <ClCompile Include="course10_uniform.cpp">
      <Filter>Resource Files</Filter>
    </ClCompile>
    <ClCompile Include="course11_vertex_array.cpp">
      <Filter>Resource Files</Filter>
    </ClCompile>
    <ClCompile Include="course12_class.cpp">
      <Filter>Resource Files</Filter>
    </ClCompile>
    <ClCompile Include="GLClass\IndexBuffer.cpp">
      <Filter>GLClass</Filter>
    </ClCompile>
    <ClCompile Include="GLClass\Render.cpp">
      <Filter>GLClass</Filter>
    </ClCompile>
    <ClCompile Include="GLClass\Shader.cpp">
      <Filter>GLClass</Filter>
    </ClCompile>
    <ClCompile Include="GLClass\VertexArray.cpp">
      <Filter>GLClass</Filter>
    </ClCompile>
    <ClCompile Include="GLClass\VertexBuffer.cpp">
      <Filter>GLClass</Filter>
    </ClCompile>
    <ClCompile Include="course17_texture.cpp">
      <Filter>Resource Files</Filter>
    </ClCompile>
    <ClCompile Include="GLClass\Texture.cpp">
      <Filter>GLClass</Filter>
    </ClCompile>
    <ClCompile Include="course19_projection.cpp">
      <Filter>Resource Files</Filter>
    </ClCompile>
    <ClCompile Include="vendor\imgui\imgui.cpp">
      <Filter>vendor\imgui</Filter>
    </ClCompile>
    <ClCompile Include="vendor\imgui\imgui_demo.cpp">
      <Filter>vendor\imgui</Filter>
    </ClCompile>
    <ClCompile Include="vendor\imgui\imgui_draw.cpp">
      <Filter>vendor\imgui</Filter>
    </ClCompile>
    <ClCompile Include="vendor\imgui\imgui_tables.cpp">
      <Filter>vendor\imgui</Filter>
    </ClCompile>
    <ClCompile Include="vendor\imgui\imgui_widgets.cpp">
      <Filter>vendor\imgui</Filter>
    </ClCompile>
    <ClCompile Include="course22_imgui.cpp">
      <Filter>Resource Files</Filter>
    </ClCompile>
    <ClCompile Include="vendor\imgui\imgui_impl_glfw.cpp">
      <Filter>vendor\imgui</Filter>
    </ClCompile>
    <ClCompile Include="vendor\imgui\imgui_impl_opengl3.cpp">
      <Filter>vendor\imgui</Filter>
    </ClCompile>
    <ClCompile Include="course24_test_framework.cpp">
      <Filter>Resource Files</Filter>
    </ClCompile>
    <ClCompile Include="test\Test.cpp">
      <Filter>test</Filter>
    </ClCompile>
    <ClCompile Include="test\TestClearColor.cpp">
      <Filter>test</Filter>
    </ClCompile>
    <ClCompile Include="test\TestTexture2D.cpp">
      <Filter>Source Files</Filter>
    </ClCompile>
    <ClCompile Include="course28_batch_rendering.cpp">
      <Filter>Source Files</Filter>
    </ClCompile>
  </ItemGroup>
  <ItemGroup>
    <ClInclude Include="course2_glfw.h">
      <Filter>Header Files</Filter>
    </ClInclude>
    <ClInclude Include="course3_modern_opengl.h">
      <Filter>Header Files</Filter>
    </ClInclude>
    <ClInclude Include="course4_5_buffer_triangle.h">
      <Filter>Header Files</Filter>
    </ClInclude>
    <ClInclude Include="course6_shader.h">
      <Filter>Header Files</Filter>
    </ClInclude>
    <ClInclude Include="course7_deal_shader.h">
      <Filter>Header Files</Filter>
    </ClInclude>
    <ClInclude Include="course8_index.h">
      <Filter>Header Files</Filter>
    </ClInclude>
    <ClInclude Include="course9_error_handling.h">
      <Filter>Header Files</Filter>
    </ClInclude>
    <ClInclude Include="course10_uniform.h">
      <Filter>Header Files</Filter>
    </ClInclude>
    <ClInclude Include="course11_vertex_array.h">
      <Filter>Header Files</Filter>
    </ClInclude>
    <ClInclude Include="course12_class.h">
      <Filter>Header Files</Filter>
    </ClInclude>
    <ClInclude Include="GLClass\IndexBuffer.h">
      <Filter>GLClass</Filter>
    </ClInclude>
    <ClInclude Include="GLClass\Render.h">
      <Filter>GLClass</Filter>
    </ClInclude>
    <ClInclude Include="GLClass\Shader.h">
      <Filter>GLClass</Filter>
    </ClInclude>
    <ClInclude Include="GLClass\VertexArray.h">
      <Filter>GLClass</Filter>
    </ClInclude>
    <ClInclude Include="GLClass\VertexBuffer.h">
      <Filter>GLClass</Filter>
    </ClInclude>
    <ClInclude Include="GLClass\VertexBufferLayout.h">
      <Filter>GLClass</Filter>
    </ClInclude>
    <ClInclude Include="course17_texture.h">
      <Filter>Header Files</Filter>
    </ClInclude>
    <ClInclude Include="GLClass\Texture.h">
      <Filter>GLClass</Filter>
    </ClInclude>
    <ClInclude Include="course19_projection.h">
      <Filter>Header Files</Filter>
    </ClInclude>
    <ClInclude Include="vendor\imgui\imstb_truetype.h">
      <Filter>vendor\imgui</Filter>
    </ClInclude>
    <ClInclude Include="vendor\imgui\imconfig.h">
      <Filter>vendor\imgui</Filter>
    </ClInclude>
    <ClInclude Include="vendor\imgui\imgui.h">
      <Filter>vendor\imgui</Filter>
    </ClInclude>
    <ClInclude Include="vendor\imgui\imgui_internal.h">
      <Filter>vendor\imgui</Filter>
    </ClInclude>
    <ClInclude Include="vendor\imgui\imstb_rectpack.h">
      <Filter>vendor\imgui</Filter>
    </ClInclude>
    <ClInclude Include="vendor\imgui\imstb_textedit.h">
      <Filter>vendor\imgui</Filter>
    </ClInclude>
    <ClInclude Include="course22_imgui.h">
      <Filter>Header Files</Filter>
    </ClInclude>
    <ClInclude Include="vendor\imgui\imgui_impl_glfw.h">
      <Filter>vendor\imgui</Filter>
    </ClInclude>
    <ClInclude Include="vendor\imgui\imgui_impl_opengl3.h">
      <Filter>vendor\imgui</Filter>
    </ClInclude>
    <ClInclude Include="vendor\imgui\imgui_impl_opengl3_loader.h">
      <Filter>vendor\imgui</Filter>
    </ClInclude>
    <ClInclude Include="course24_test_framework.h">
      <Filter>Header Files</Filter>
    </ClInclude>
    <ClInclude Include="test\Test.h">
      <Filter>test</Filter>
    </ClInclude>
    <ClInclude Include="test\TestClearColor.h">
      <Filter>test</Filter>
    </ClInclude>
    <ClInclude Include="test\TestTexture2D.h">
      <Filter>Header Files</Filter>
    </ClInclude>
    <ClInclude Include="course28_batch_rendering.h">
      <Filter>Header Files</Filter>
    </ClInclude>
  </ItemGroup>
  <ItemGroup>
    <None Include="shader\course17_texture.shader">
      <Filter>shaders</Filter>
    </None>
    <None Include="shader\course7_basic.shader">
      <Filter>shaders</Filter>
    </None>
    <None Include="shader\course10_uniform.shader">
      <Filter>shaders</Filter>
    </None>
    <None Include="shader\course19_projection.shader">
      <Filter>shaders</Filter>
    </None>
    <None Include="shader\course28_batch_rendering.shader" />
  </ItemGroup>
</Project>